
Microsoft Visual Studio Solution File, Format Version 12.00
# Visual Studio Version 17
VisualStudioVersion = 17.0.31423.177
MinimumVisualStudioVersion = 10.0.40219.1
Project("{00D1A9C2-B5F0-4AF3-8072-F6C62B433612}") = "ssdtProject", "ssdtProject.sqlproj", "{B1EEFD51-D24E-461E-B02F-3DBC2235BE25}"
EndProject
Global
	GlobalSection(SolutionConfigurationPlatforms) = preSolution
		Debug|Any CPU = Debug|Any CPU
		Release|Any CPU = Release|Any CPU
	EndGlobalSection
	GlobalSection(ProjectConfigurationPlatforms) = postSolution
		{B1EEFD51-D24E-461E-B02F-3DBC2235BE25}.Debug|Any CPU.ActiveCfg = Debug|Any CPU
		{B1EEFD51-D24E-461E-B02F-3DBC2235BE25}.Debug|Any CPU.Build.0 = Debug|Any CPU
		{B1EEFD51-D24E-461E-B02F-3DBC2235BE25}.Debug|Any CPU.Deploy.0 = Debug|Any CPU
		{B1EEFD51-D24E-461E-B02F-3DBC2235BE25}.Release|Any CPU.ActiveCfg = Release|Any CPU
		{B1EEFD51-D24E-461E-B02F-3DBC2235BE25}.Release|Any CPU.Build.0 = Release|Any CPU
		{B1EEFD51-D24E-461E-B02F-3DBC2235BE25}.Release|Any CPU.Deploy.0 = Release|Any CPU
	EndGlobalSection
	GlobalSection(SolutionProperties) = preSolution
		HideSolutionNode = FALSE
	EndGlobalSection
	GlobalSection(ExtensibilityGlobals) = postSolution
		SolutionGuid = {6E7A441E-556F-476A-A089-8B55B7ADFC14}
	EndGlobalSection
EndGlobal
